schema: '2.0'
stages:
  gen_plots:
    cmd: python plots.py
    deps:
    - path: plots.py
      md5: 7ca631ff2d313f1d8fcc9e70349c742b
      size: 567
    - path: results.csv
      md5: 3a775727c4c7da653d00fa27af2c9969
      size: 28820
    outs:
    - path: plots
      md5: 68f07dc5c78d6ec0622548d3761ea2c6.dir
      size: 35854
      nfiles: 30
