schema: '2.0'
stages:
  gen_plots:
    cmd: python plots.py
    deps:
    - path: plots.py
      md5: 7ca631ff2d313f1d8fcc9e70349c742b
      size: 567
    - path: results.csv
      md5: c68079d65c6cc2a2d3fd5fbd2e6e5e94
      size: 28773
    outs:
    - path: plots
      md5: be6a5220868ea2877bc26c0ac7a1aa50.dir
      size: 35829
      nfiles: 30
